
Microsoft Visual Studio Solution File, Format Version 12.00
# Visual Studio Version 16
VisualStudioVersion = 16.0.32228.343
MinimumVisualStudioVersion = 10.0.40219.1
Project("{FAE04EC0-301F-11D3-BF4B-00C04F79EFBC}") = "Parkolo", "Parkolo.csproj", "{42063421-A105-4F1E-BD7A-473FE8A6726F}"
EndProject
Global
	GlobalSection(SolutionConfigurationPlatforms) = preSolution
		Debug|Any CPU = Debug|Any CPU
		Release|Any CPU = Release|Any CPU
	EndGlobalSection
	GlobalSection(ProjectConfigurationPlatforms) = postSolution
		{42063421-A105-4F1E-BD7A-473FE8A6726F}.Debug|Any CPU.ActiveCfg = Debug|Any CPU
		{42063421-A105-4F1E-BD7A-473FE8A6726F}.Debug|Any CPU.Build.0 = Debug|Any CPU
		{42063421-A105-4F1E-BD7A-473FE8A6726F}.Release|Any CPU.ActiveCfg = Release|Any CPU
		{42063421-A105-4F1E-BD7A-473FE8A6726F}.Release|Any CPU.Build.0 = Release|Any CPU
	EndGlobalSection
	GlobalSection(SolutionProperties) = preSolution
		HideSolutionNode = FALSE
	EndGlobalSection
	GlobalSection(ExtensibilityGlobals) = postSolution
		SolutionGuid = {0EB1666C-A2DD-4D48-9693-F91B74C72F75}
	EndGlobalSection
EndGlobal
